// !$*UTF8*$!
{
	archiveVersion = 1;
	classes = {
	};
	objectVersion = 50;
	objects = {

/* Begin PBXBuildFile section */
		93338799239B9A69001F1572 /* AppDelegate.swift in Sources */ = {isa = PBXBuildFile; fileRef = 93338798239B9A69001F1572 /* AppDelegate.swift */; };
		9333879B239B9A69001F1572 /* SceneDelegate.swift in Sources */ = {isa = PBXBuildFile; fileRef = 9333879A239B9A69001F1572 /* SceneDelegate.swift */; };
		9333879D239B9A69001F1572 /* ContentView.swift in Sources */ = {isa = PBXBuildFile; fileRef = 9333879C239B9A69001F1572 /* ContentView.swift */; };
		9333879F239B9A6D001F1572 /* Assets.xcassets in Resources */ = {isa = PBXBuildFile; fileRef = 9333879E239B9A6D001F1572 /* Assets.xcassets */; };
		933387A2239B9A6D001F1572 /* Preview Assets.xcassets in Resources */ = {isa = PBXBuildFile; fileRef = 933387A1239B9A6D001F1572 /* Preview Assets.xcassets */; };
		933387A5239B9A6D001F1572 /* LaunchScreen.storyboard in Resources */ = {isa = PBXBuildFile; fileRef = 933387A3239B9A6D001F1572 /* LaunchScreen.storyboard */; };
		933387B0239B9A6D001F1572 /* Lifehacks__SwiftUI_Tests.swift in Sources */ = {isa = PBXBuildFile; fileRef = 933387AF239B9A6D001F1572 /* Lifehacks__SwiftUI_Tests.swift */; };
		933387BB239B9C03001F1572 /* Question.swift in Sources */ = {isa = PBXBuildFile; fileRef = 933387BA239B9C03001F1572 /* Question.swift */; };
/* End PBXBuildFile section */

/* Begin PBXContainerItemProxy section */
		933387AC239B9A6D001F1572 /* PBXContainerItemProxy */ = {
			isa = PBXContainerItemProxy;
			containerPortal = 9333878D239B9A69001F1572 /* Project object */;
			proxyType = 1;
			remoteGlobalIDString = 93338794239B9A69001F1572;
			remoteInfo = "Lifehacks (SwiftUI)";
		};
/* End PBXContainerItemProxy section */

/* Begin PBXFileReference section */
		93338795239B9A69001F1572 /* Lifehacks (SwiftUI).app */ = {isa = PBXFileReference; explicitFileType = wrapper.application; includeInIndex = 0; path = "Lifehacks (SwiftUI).app"; sourceTree = BUILT_PRODUCTS_DIR; };
		93338798239B9A69001F1572 /* AppDelegate.swift */ = {isa = PBXFileReference; lastKnownFileType = sourcecode.swift; path = AppDelegate.swift; sourceTree = "<group>"; };
		9333879A239B9A69001F1572 /* SceneDelegate.swift */ = {isa = PBXFileReference; lastKnownFileType = sourcecode.swift; path = SceneDelegate.swift; sourceTree = "<group>"; };
		9333879C239B9A69001F1572 /* ContentView.swift */ = {isa = PBXFileReference; lastKnownFileType = sourcecode.swift; path = ContentView.swift; sourceTree = "<group>"; };
		9333879E239B9A6D001F1572 /* Assets.xcassets */ = {isa = PBXFileReference; lastKnownFileType = folder.assetcatalog; path = Assets.xcassets; sourceTree = "<group>"; };
		933387A1239B9A6D001F1572 /* Preview Assets.xcassets */ = {isa = PBXFileReference; lastKnownFileType = folder.assetcatalog; path = "Preview Assets.xcassets"; sourceTree = "<group>"; };
		933387A4239B9A6D001F1572 /* Base */ = {isa = PBXFileReference; lastKnownFileType = file.storyboard; name = Base; path = Base.lproj/LaunchScreen.storyboard; sourceTree = "<group>"; };
		933387A6239B9A6D001F1572 /* Info.plist */ = {isa = PBXFileReference; lastKnownFileType = text.plist.xml; path = Info.plist; sourceTree = "<group>"; };
		933387AB239B9A6D001F1572 /* Lifehacks (SwiftUI)Tests.xctest */ = {isa = PBXFileReference; explicitFileType = wrapper.cfbundle; includeInIndex = 0; path = "Lifehacks (SwiftUI)Tests.xctest"; sourceTree = BUILT_PRODUCTS_DIR; };
		933387AF239B9A6D001F1572 /* Lifehacks__SwiftUI_Tests.swift */ = {isa = PBXFileReference; lastKnownFileType = sourcecode.swift; path = Lifehacks__SwiftUI_Tests.swift; sourceTree = "<group>"; };
		933387B1239B9A6D001F1572 /* Info.plist */ = {isa = PBXFileReference; lastKnownFileType = text.plist.xml; path = Info.plist; sourceTree = "<group>"; };
		933387BA239B9C03001F1572 /* Question.swift */ = {isa = PBXFileReference; lastKnownFileType = sourcecode.swift; path = Question.swift; sourceTree = "<group>"; };
/* End PBXFileReference section */

/* Begin PBXFrameworksBuildPhase section */
		93338792239B9A69001F1572 /* Frameworks */ = {
			isa = PBXFrameworksBuildPhase;
			buildActionMask = 2147483647;
			files = (
			);
			runOnlyForDeploymentPostprocessing = 0;
		};
		933387A8239B9A6D001F1572 /* Frameworks */ = {
			isa = PBXFrameworksBuildPhase;
			buildActionMask = 2147483647;
			files = (
			);
			runOnlyForDeploymentPostprocessing = 0;
		};
/* End PBXFrameworksBuildPhase section */

/* Begin PBXGroup section */
		9333878C239B9A69001F1572 = {
			isa = PBXGroup;
			children = (
				93338797239B9A69001F1572 /* Lifehacks (SwiftUI) */,
				933387AE239B9A6D001F1572 /* Lifehacks (SwiftUI)Tests */,
				93338796239B9A69001F1572 /* Products */,
			);
			sourceTree = "<group>";
		};
		93338796239B9A69001F1572 /* Products */ = {
			isa = PBXGroup;
			children = (
				93338795239B9A69001F1572 /* Lifehacks (SwiftUI).app */,
				933387AB239B9A6D001F1572 /* Lifehacks (SwiftUI)Tests.xctest */,
			);
			name = Products;
			sourceTree = "<group>";
		};
		93338797239B9A69001F1572 /* Lifehacks (SwiftUI) */ = {
			isa = PBXGroup;
			children = (
				93338798239B9A69001F1572 /* AppDelegate.swift */,
				9333879A239B9A69001F1572 /* SceneDelegate.swift */,
				9333879C239B9A69001F1572 /* ContentView.swift */,
				9333879E239B9A6D001F1572 /* Assets.xcassets */,
				933387A3239B9A6D001F1572 /* LaunchScreen.storyboard */,
				933387A6239B9A6D001F1572 /* Info.plist */,
				933387A0239B9A6D001F1572 /* Preview Content */,
				933387BA239B9C03001F1572 /* Question.swift */,
			);
			path = "Lifehacks (SwiftUI)";
			sourceTree = "<group>";
		};
		933387A0239B9A6D001F1572 /* Preview Content */ = {
			isa = PBXGroup;
			children = (
				933387A1239B9A6D001F1572 /* Preview Assets.xcassets */,
			);
			path = "Preview Content";
			sourceTree = "<group>";
		};
		933387AE239B9A6D001F1572 /* Lifehacks (SwiftUI)Tests */ = {
			isa = PBXGroup;
			children = (
				933387AF239B9A6D001F1572 /* Lifehacks__SwiftUI_Tests.swift */,
				933387B1239B9A6D001F1572 /* Info.plist */,
			);
			path = "Lifehacks (SwiftUI)Tests";
			sourceTree = "<group>";
		};
/* End PBXGroup section */

/* Begin PBXNativeTarget section */
		93338794239B9A69001F1572 /* Lifehacks (SwiftUI) */ = {
			isa = PBXNativeTarget;
			buildConfigurationList = 933387B4239B9A6D001F1572 /* Build configuration list for PBXNativeTarget "Lifehacks (SwiftUI)" */;
			buildPhases = (
				93338791239B9A69001F1572 /* Sources */,
				93338792239B9A69001F1572 /* Frameworks */,
				93338793239B9A69001F1572 /* Resources */,
			);
			buildRules = (
			);
			dependencies = (
			);
			name = "Lifehacks (SwiftUI)";
			productName = "Lifehacks (SwiftUI)";
			productReference = 93338795239B9A69001F1572 /* Lifehacks (SwiftUI).app */;
			productType = "com.apple.product-type.application";
		};
		933387AA239B9A6D001F1572 /* Lifehacks (SwiftUI)Tests */ = {
			isa = PBXNativeTarget;
			buildConfigurationList = 933387B7239B9A6D001F1572 /* Build configuration list for PBXNativeTarget "Lifehacks (SwiftUI)Tests" */;
			buildPhases = (
				933387A7239B9A6D001F1572 /* Sources */,
				933387A8239B9A6D001F1572 /* Frameworks */,
				933387A9239B9A6D001F1572 /* Resources */,
			);
			buildRules = (
			);
			dependencies = (
				933387AD239B9A6D001F1572 /* PBXTargetDependency */,
			);
			name = "Lifehacks (SwiftUI)Tests";
			productName = "Lifehacks (SwiftUI)Tests";
			productReference = 933387AB239B9A6D001F1572 /* Lifehacks (SwiftUI)Tests.xctest */;
			productType = "com.apple.product-type.bundle.unit-test";
		};
/* End PBXNativeTarget section */

/* Begin PBXProject section */
		9333878D239B9A69001F1572 /* Project object */ = {
			isa = PBXProject;
			attributes = {
				LastSwiftUpdateCheck = 1120;
				LastUpgradeCheck = 1120;
				ORGANIZATIONNAME = zombietux;
				TargetAttributes = {
					93338794239B9A69001F1572 = {
						CreatedOnToolsVersion = 11.2.1;
					};
					933387AA239B9A6D001F1572 = {
						CreatedOnToolsVersion = 11.2.1;
						TestTargetID = 93338794239B9A69001F1572;
					};
				};
			};
			buildConfigurationList = 93338790239B9A69001F1572 /* Build configuration list for PBXProject "Lifehacks (SwiftUI)" */;
			compatibilityVersion = "Xcode 9.3";
			developmentRegion = en;
			hasScannedForEncodings = 0;
			knownRegions = (
				en,
				Base,
			);
			mainGroup = 9333878C239B9A69001F1572;
			productRefGroup = 93338796239B9A69001F1572 /* Products */;
			projectDirPath = "";
			projectRoot = "";
			targets = (
				93338794239B9A69001F1572 /* Lifehacks (SwiftUI) */,
				933387AA239B9A6D001F1572 /* Lifehacks (SwiftUI)Tests */,
			);
		};
/* End PBXProject section */

/* Begin PBXResourcesBuildPhase section */
		93338793239B9A69001F1572 /* Resources */ = {
			isa = PBXResourcesBuildPhase;
			buildActionMask = 2147483647;
			files = (
				933387A5239B9A6D001F1572 /* LaunchScreen.storyboard in Resources */,
				933387A2239B9A6D001F1572 /* Preview Assets.xcassets in Resources */,
				9333879F239B9A6D001F1572 /* Assets.xcassets in Resources */,
			);
			runOnlyForDeploymentPostprocessing = 0;
		};
		933387A9239B9A6D001F1572 /* Resources */ = {
			isa = PBXResourcesBuildPhase;
			buildActionMask = 2147483647;
			files = (
			);
			runOnlyForDeploymentPostprocessing = 0;
		};
/* End PBXResourcesBuildPhase section */

/* Begin PBXSourcesBuildPhase section */
		93338791239B9A69001F1572 /* Sources */ = {
			isa = PBXSourcesBuildPhase;
			buildActionMask = 2147483647;
			files = (
				93338799239B9A69001F1572 /* AppDelegate.swift in Sources */,
				933387BB239B9C03001F1572 /* Question.swift in Sources */,
				9333879B239B9A69001F1572 /* SceneDelegate.swift in Sources */,
				9333879D239B9A69001F1572 /* ContentView.swift in Sources */,
			);
			runOnlyForDeploymentPostprocessing = 0;
		};
		933387A7239B9A6D001F1572 /* Sources */ = {
			isa = PBXSourcesBuildPhase;
			buildActionMask = 2147483647;
			files = (
				933387B0239B9A6D001F1572 /* Lifehacks__SwiftUI_Tests.swift in Sources */,
			);
			runOnlyForDeploymentPostprocessing = 0;
		};
/* End PBXSourcesBuildPhase section */

/* Begin PBXTargetDependency section */
		933387AD239B9A6D001F1572 /* PBXTargetDependency */ = {
			isa = PBXTargetDependency;
			target = 93338794239B9A69001F1572 /* Lifehacks (SwiftUI) */;
			targetProxy = 933387AC239B9A6D001F1572 /* PBXContainerItemProxy */;
		};
/* End PBXTargetDependency section */

/* Begin PBXVariantGroup section */
		933387A3239B9A6D001F1572 /* LaunchScreen.storyboard */ = {
			isa = PBXVariantGroup;
			children = (
				933387A4239B9A6D001F1572 /* Base */,
			);
			name = LaunchScreen.storyboard;
			sourceTree = "<group>";
		};
/* End PBXVariantGroup section */

/* Begin XCBuildConfiguration section */
		933387B2239B9A6D001F1572 /* Debug */ = {
			isa = XCBuildConfiguration;
			buildSettings = {
				ALWAYS_SEARCH_USER_PATHS = NO;
				CLANG_ANALYZER_NONNULL = YES;
				CLANG_ANALYZER_NUMBER_OBJECT_CONVERSION = YES_AGGRESSIVE;
				CLANG_CXX_LANGUAGE_STANDARD = "gnu++14";
				CLANG_CXX_LIBRARY = "libc++";
				CLANG_ENABLE_MODULES = YES;
				CLANG_ENABLE_OBJC_ARC = YES;
				CLANG_ENABLE_OBJC_WEAK = YES;
				CLANG_WARN_BLOCK_CAPTURE_AUTORELEASING = YES;
				CLANG_WARN_BOOL_CONVERSION = YES;
				CLANG_WARN_COMMA = YES;
				CLANG_WARN_CONSTANT_CONVERSION = YES;
				CLANG_WARN_DEPRECATED_OBJC_IMPLEMENTATIONS = YES;
				CLANG_WARN_DIRECT_OBJC_ISA_USAGE = YES_ERROR;
				CLANG_WARN_DOCUMENTATION_COMMENTS = YES;
				CLANG_WARN_EMPTY_BODY = YES;
				CLANG_WARN_ENUM_CONVERSION = YES;
				CLANG_WARN_INFINITE_RECURSION = YES;
				CLANG_WARN_INT_CONVERSION = YES;
				CLANG_WARN_NON_LITERAL_NULL_CONVERSION = YES;
				CLANG_WARN_OBJC_IMPLICIT_RETAIN_SELF = YES;
				CLANG_WARN_OBJC_LITERAL_CONVERSION = YES;
				CLANG_WARN_OBJC_ROOT_CLASS = YES_ERROR;
				CLANG_WARN_RANGE_LOOP_ANALYSIS = YES;
				CLANG_WARN_STRICT_PROTOTYPES = YES;
				CLANG_WARN_SUSPICIOUS_MOVE = YES;
				CLANG_WARN_UNGUARDED_AVAILABILITY = YES_AGGRESSIVE;
				CLANG_WARN_UNREACHABLE_CODE = YES;
				CLANG_WARN__DUPLICATE_METHOD_MATCH = YES;
				COPY_PHASE_STRIP = NO;
				DEBUG_INFORMATION_FORMAT = dwarf;
				ENABLE_STRICT_OBJC_MSGSEND = YES;
				ENABLE_TESTABILITY = YES;
				GCC_C_LANGUAGE_STANDARD = gnu11;
				GCC_DYNAMIC_NO_PIC = NO;
				GCC_NO_COMMON_BLOCKS = YES;
				GCC_OPTIMIZATION_LEVEL = 0;
				GCC_PREPROCESSOR_DEFINITIONS = (
					"DEBUG=1",
					"$(inherited)",
				);
				GCC_WARN_64_TO_32_BIT_CONVERSION = YES;
				GCC_WARN_ABOUT_RETURN_TYPE = YES_ERROR;
				GCC_WARN_UNDECLARED_SELECTOR = YES;
				GCC_WARN_UNINITIALIZED_AUTOS = YES_AGGRESSIVE;
				GCC_WARN_UNUSED_FUNCTION = YES;
				GCC_WARN_UNUSED_VARIABLE = YES;
				IPHONEOS_DEPLOYMENT_TARGET = 13.2;
				MTL_ENABLE_DEBUG_INFO = INCLUDE_SOURCE;
				MTL_FAST_MATH = YES;
				ONLY_ACTIVE_ARCH = YES;
				SDKROOT = iphoneos;
				SWIFT_ACTIVE_COMPILATION_CONDITIONS = DEBUG;
				SWIFT_OPTIMIZATION_LEVEL = "-Onone";
			};
			name = Debug;
		};
		933387B3239B9A6D001F1572 /* Release */ = {
			isa = XCBuildConfiguration;
			buildSettings = {
				ALWAYS_SEARCH_USER_PATHS = NO;
				CLANG_ANALYZER_NONNULL = YES;
				CLANG_ANALYZER_NUMBER_OBJECT_CONVERSION = YES_AGGRESSIVE;
				CLANG_CXX_LANGUAGE_STANDARD = "gnu++14";
				CLANG_CXX_LIBRARY = "libc++";
				CLANG_ENABLE_MODULES = YES;
				CLANG_ENABLE_OBJC_ARC = YES;
				CLANG_ENABLE_OBJC_WEAK = YES;
				CLANG_WARN_BLOCK_CAPTURE_AUTORELEASING = YES;
				CLANG_WARN_BOOL_CONVERSION = YES;
				CLANG_WARN_COMMA = YES;
				CLANG_WARN_CONSTANT_CONVERSION = YES;
				CLANG_WARN_DEPRECATED_OBJC_IMPLEMENTATIONS = YES;
				CLANG_WARN_DIRECT_OBJC_ISA_USAGE = YES_ERROR;
				CLANG_WARN_DOCUMENTATION_COMMENTS = YES;
				CLANG_WARN_EMPTY_BODY = YES;
				CLANG_WARN_ENUM_CONVERSION = YES;
				CLANG_WARN_INFINITE_RECURSION = YES;
				CLANG_WARN_INT_CONVERSION = YES;
				CLANG_WARN_NON_LITERAL_NULL_CONVERSION = YES;
				CLANG_WARN_OBJC_IMPLICIT_RETAIN_SELF = YES;
				CLANG_WARN_OBJC_LITERAL_CONVERSION = YES;
				CLANG_WARN_OBJC_ROOT_CLASS = YES_ERROR;
				CLANG_WARN_RANGE_LOOP_ANALYSIS = YES;
				CLANG_WARN_STRICT_PROTOTYPES = YES;
				CLANG_WARN_SUSPICIOUS_MOVE = YES;
				CLANG_WARN_UNGUARDED_AVAILABILITY = YES_AGGRESSIVE;
				CLANG_WARN_UNREACHABLE_CODE = YES;
				CLANG_WARN__DUPLICATE_METHOD_MATCH = YES;
				COPY_PHASE_STRIP = NO;
				DEBUG_INFORMATION_FORMAT = "dwarf-with-dsym";
				ENABLE_NS_ASSERTIONS = NO;
				ENABLE_STRICT_OBJC_MSGSEND = YES;
				GCC_C_LANGUAGE_STANDARD = gnu11;
				GCC_NO_COMMON_BLOCKS = YES;
				GCC_WARN_64_TO_32_BIT_CONVERSION = YES;
				GCC_WARN_ABOUT_RETURN_TYPE = YES_ERROR;
				GCC_WARN_UNDECLARED_SELECTOR = YES;
				GCC_WARN_UNINITIALIZED_AUTOS = YES_AGGRESSIVE;
				GCC_WARN_UNUSED_FUNCTION = YES;
				GCC_WARN_UNUSED_VARIABLE = YES;
				IPHONEOS_DEPLOYMENT_TARGET = 13.2;
				MTL_ENABLE_DEBUG_INFO = NO;
				MTL_FAST_MATH = YES;
				SDKROOT = iphoneos;
				SWIFT_COMPILATION_MODE = wholemodule;
				SWIFT_OPTIMIZATION_LEVEL = "-O";
				VALIDATE_PRODUCT = YES;
			};
			name = Release;
		};
		933387B5239B9A6D001F1572 /* Debug */ = {
			isa = XCBuildConfiguration;
			buildSettings = {
				ASSETCATALOG_COMPILER_APPICON_NAME = AppIcon;
				CODE_SIGN_STYLE = Automatic;
				DEVELOPMENT_ASSET_PATHS = "\"Lifehacks (SwiftUI)/Preview Content\"";
				DEVELOPMENT_TEAM = 8G43M5CX79;
				ENABLE_PREVIEWS = YES;
				INFOPLIST_FILE = "Lifehacks (SwiftUI)/Info.plist";
				LD_RUNPATH_SEARCH_PATHS = (
					"$(inherited)",
					"@executable_path/Frameworks",
				);
				PRODUCT_BUNDLE_IDENTIFIER = "com.zombietux.Lifehacks--SwiftUI-";
				PRODUCT_NAME = "$(TARGET_NAME)";
				SWIFT_VERSION = 5.0;
				TARGETED_DEVICE_FAMILY = "1,2";
			};
			name = Debug;
		};
		933387B6239B9A6D001F1572 /* Release */ = {
			isa = XCBuildConfiguration;
			buildSettings = {
				ASSETCATALOG_COMPILER_APPICON_NAME = AppIcon;
				CODE_SIGN_STYLE = Automatic;
				DEVELOPMENT_ASSET_PATHS = "\"Lifehacks (SwiftUI)/Preview Content\"";
				DEVELOPMENT_TEAM = 8G43M5CX79;
				ENABLE_PREVIEWS = YES;
				INFOPLIST_FILE = "Lifehacks (SwiftUI)/Info.plist";
				LD_RUNPATH_SEARCH_PATHS = (
					"$(inherited)",
					"@executable_path/Frameworks",
				);
				PRODUCT_BUNDLE_IDENTIFIER = "com.zombietux.Lifehacks--SwiftUI-";
				PRODUCT_NAME = "$(TARGET_NAME)";
				SWIFT_VERSION = 5.0;
				TARGETED_DEVICE_FAMILY = "1,2";
			};
			name = Release;
		};
		933387B8239B9A6D001F1572 /* Debug */ = {
			isa = XCBuildConfiguration;
			buildSettings = {
				ALWAYS_EMBED_SWIFT_STANDARD_LIBRARIES = YES;
				BUNDLE_LOADER = "$(TEST_HOST)";
				CODE_SIGN_STYLE = Automatic;
				DEVELOPMENT_TEAM = 8G43M5CX79;
				INFOPLIST_FILE = "Lifehacks (SwiftUI)Tests/Info.plist";
				IPHONEOS_DEPLOYMENT_TARGET = 13.2;
				LD_RUNPATH_SEARCH_PATHS = (
					"$(inherited)",
					"@executable_path/Frameworks",
					"@loader_path/Frameworks",
				);
				PRODUCT_BUNDLE_IDENTIFIER = "com.zombietux.Lifehacks--SwiftUI-Tests";
				PRODUCT_NAME = "$(TARGET_NAME)";
				SWIFT_VERSION = 5.0;
				TARGETED_DEVICE_FAMILY = "1,2";
				TEST_HOST = "$(BUILT_PRODUCTS_DIR)/Lifehacks (SwiftUI).app/Lifehacks (SwiftUI)";
			};
			name = Debug;
		};
		933387B9239B9A6D001F1572 /* Release */ = {
			isa = XCBuildConfiguration;
			buildSettings = {
				ALWAYS_EMBED_SWIFT_STANDARD_LIBRARIES = YES;
				BUNDLE_LOADER = "$(TEST_HOST)";
				CODE_SIGN_STYLE = Automatic;
				DEVELOPMENT_TEAM = 8G43M5CX79;
				INFOPLIST_FILE = "Lifehacks (SwiftUI)Tests/Info.plist";
				IPHONEOS_DEPLOYMENT_TARGET = 13.2;
				LD_RUNPATH_SEARCH_PATHS = (
					"$(inherited)",
					"@executable_path/Frameworks",
					"@loader_path/Frameworks",
				);
				PRODUCT_BUNDLE_IDENTIFIER = "com.zombietux.Lifehacks--SwiftUI-Tests";
				PRODUCT_NAME = "$(TARGET_NAME)";
				SWIFT_VERSION = 5.0;
				TARGETED_DEVICE_FAMILY = "1,2";
				TEST_HOST = "$(BUILT_PRODUCTS_DIR)/Lifehacks (SwiftUI).app/Lifehacks (SwiftUI)";
			};
			name = Release;
		};
/* End XCBuildConfiguration section */

/* Begin XCConfigurationList section */
		93338790239B9A69001F1572 /* Build configuration list for PBXProject "Lifehacks (SwiftUI)" */ = {
			isa = XCConfigurationList;
			buildConfigurations = (
				933387B2239B9A6D001F1572 /* Debug */,
				933387B3239B9A6D001F1572 /* Release */,
			);
			defaultConfigurationIsVisible = 0;
			defaultConfigurationName = Release;
		};
		933387B4239B9A6D001F1572 /* Build configuration list for PBXNativeTarget "Lifehacks (SwiftUI)" */ = {
			isa = XCConfigurationList;
			buildConfigurations = (
				933387B5239B9A6D001F1572 /* Debug */,
				933387B6239B9A6D001F1572 /* Release */,
			);
			defaultConfigurationIsVisible = 0;
			defaultConfigurationName = Release;
		};
		933387B7239B9A6D001F1572 /* Build configuration list for PBXNativeTarget "Lifehacks (SwiftUI)Tests" */ = {
			isa = XCConfigurationList;
			buildConfigurations = (
				933387B8239B9A6D001F1572 /* Debug */,
				933387B9239B9A6D001F1572 /* Release */,
			);
			defaultConfigurationIsVisible = 0;
			defaultConfigurationName = Release;
		};
/* End XCConfigurationList section */
	};
	rootObject = 9333878D239B9A69001F1572 /* Project object */;
}
